// !$*UTF8*$!
{
	archiveVersion = 1;
	classes = {
	};
	objectVersion = 46;
	objects = {

/* Begin PBXBuildFile section */
		7138C5D41AA91078003AEEA7 /* AppDelegate.swift in Sources */ = {isa = PBXBuildFile; fileRef = 7138C5D31AA91078003AEEA7 /* AppDelegate.swift */; };
		7138C5D61AA91078003AEEA7 /* ViewController.swift in Sources */ = {isa = PBXBuildFile; fileRef = 7138C5D51AA91078003AEEA7 /* ViewController.swift */; };
		7138C5D91AA91079003AEEA7 /* Main.storyboard in Resources */ = {isa = PBXBuildFile; fileRef = 7138C5D71AA91078003AEEA7 /* Main.storyboard */; };
		7138C5DB1AA91079003AEEA7 /* Images.xcassets in Resources */ = {isa = PBXBuildFile; fileRef = 7138C5DA1AA91079003AEEA7 /* Images.xcassets */; };
		7138C5DE1AA91079003AEEA7 /* LaunchScreen.xib in Resources */ = {isa = PBXBuildFile; fileRef = 7138C5DC1AA91079003AEEA7 /* LaunchScreen.xib */; };
		7138C5EA1AA91079003AEEA7 /* UiStatusBarStylesTests.swift in Sources */ = {isa = PBXBuildFile; fileRef = 7138C5E91AA91079003AEEA7 /* UiStatusBarStylesTests.swift */; };
/* End PBXBuildFile section */

/* Begin PBXContainerItemProxy section */
		7138C5E41AA91079003AEEA7 /* PBXContainerItemProxy */ = {
			isa = PBXContainerItemProxy;
			containerPortal = 7138C5C61AA91078003AEEA7 /* Project object */;
			proxyType = 1;
			remoteGlobalIDString = 7138C5CD1AA91078003AEEA7;
			remoteInfo = UiStatusBarStyles;
		};
/* End PBXContainerItemProxy section */

/* Begin PBXFileReference section */
		7138C5CE1AA91078003AEEA7 /* UiStatusBarStyles.app */ = {isa = PBXFileReference; explicitFileType = wrapper.application; includeInIndex = 0; path = UiStatusBarStyles.app; sourceTree = BUILT_PRODUCTS_DIR; };
		7138C5D21AA91078003AEEA7 /* Info.plist */ = {isa = PBXFileReference; lastKnownFileType = text.plist.xml; path = Info.plist; sourceTree = "<group>"; };
		7138C5D31AA91078003AEEA7 /* AppDelegate.swift */ = {isa = PBXFileReference; lastKnownFileType = sourcecode.swift; path = AppDelegate.swift; sourceTree = "<group>"; };
		7138C5D51AA91078003AEEA7 /* ViewController.swift */ = {isa = PBXFileReference; lastKnownFileType = sourcecode.swift; path = ViewController.swift; sourceTree = "<group>"; };
		7138C5D81AA91078003AEEA7 /* Base */ = {isa = PBXFileReference; lastKnownFileType = file.storyboard; name = Base; path = Base.lproj/Main.storyboard; sourceTree = "<group>"; };
		7138C5DA1AA91079003AEEA7 /* Images.xcassets */ = {isa = PBXFileReference; lastKnownFileType = folder.assetcatalog; path = Images.xcassets; sourceTree = "<group>"; };
		7138C5DD1AA91079003AEEA7 /* Base */ = {isa = PBXFileReference; lastKnownFileType = file.xib; name = Base; path = Base.lproj/LaunchScreen.xib; sourceTree = "<group>"; };
		7138C5E31AA91079003AEEA7 /* UiStatusBarStylesTests.xctest */ = {isa = PBXFileReference; explicitFileType = wrapper.cfbundle; includeInIndex = 0; path = UiStatusBarStylesTests.xctest; sourceTree = BUILT_PRODUCTS_DIR; };
		7138C5E81AA91079003AEEA7 /* Info.plist */ = {isa = PBXFileReference; lastKnownFileType = text.plist.xml; path = Info.plist; sourceTree = "<group>"; };
		7138C5E91AA91079003AEEA7 /* UiStatusBarStylesTests.swift */ = {isa = PBXFileReference; lastKnownFileType = sourcecode.swift; path = UiStatusBarStylesTests.swift; sourceTree = "<group>"; };
/* End PBXFileReference section */

/* Begin PBXFrameworksBuildPhase section */
		7138C5CB1AA91078003AEEA7 /* Frameworks */ = {
			isa = PBXFrameworksBuildPhase;
			buildActionMask = 2147483647;
			files = (
			);
			runOnlyForDeploymentPostprocessing = 0;
		};
		7138C5E01AA91079003AEEA7 /* Frameworks */ = {
			isa = PBXFrameworksBuildPhase;
			buildActionMask = 2147483647;
			files = (
			);
			runOnlyForDeploymentPostprocessing = 0;
		};
/* End PBXFrameworksBuildPhase section */

/* Begin PBXGroup section */
		7138C5C51AA91078003AEEA7 = {
			isa = PBXGroup;
			children = (
				7138C5D01AA91078003AEEA7 /* UiStatusBarStyles */,
				7138C5E61AA91079003AEEA7 /* UiStatusBarStylesTests */,
				7138C5CF1AA91078003AEEA7 /* Products */,
			);
			sourceTree = "<group>";
		};
		7138C5CF1AA91078003AEEA7 /* Products */ = {
			isa = PBXGroup;
			children = (
				7138C5CE1AA91078003AEEA7 /* UiStatusBarStyles.app */,
				7138C5E31AA91079003AEEA7 /* UiStatusBarStylesTests.xctest */,
			);
			name = Products;
			sourceTree = "<group>";
		};
		7138C5D01AA91078003AEEA7 /* UiStatusBarStyles */ = {
			isa = PBXGroup;
			children = (
				7138C5D51AA91078003AEEA7 /* ViewController.swift */,
				7138C5D71AA91078003AEEA7 /* Main.storyboard */,
				7138C5D11AA91078003AEEA7 /* Supporting Files */,
			);
			path = UiStatusBarStyles;
			sourceTree = "<group>";
		};
		7138C5D11AA91078003AEEA7 /* Supporting Files */ = {
			isa = PBXGroup;
			children = (
				7138C5DA1AA91079003AEEA7 /* Images.xcassets */,
				7138C5DC1AA91079003AEEA7 /* LaunchScreen.xib */,
				7138C5D31AA91078003AEEA7 /* AppDelegate.swift */,
				7138C5D21AA91078003AEEA7 /* Info.plist */,
			);
			name = "Supporting Files";
			sourceTree = "<group>";
		};
		7138C5E61AA91079003AEEA7 /* UiStatusBarStylesTests */ = {
			isa = PBXGroup;
			children = (
				7138C5E91AA91079003AEEA7 /* UiStatusBarStylesTests.swift */,
				7138C5E71AA91079003AEEA7 /* Supporting Files */,
			);
			path = UiStatusBarStylesTests;
			sourceTree = "<group>";
		};
		7138C5E71AA91079003AEEA7 /* Supporting Files */ = {
			isa = PBXGroup;
			children = (
				7138C5E81AA91079003AEEA7 /* Info.plist */,
			);
			name = "Supporting Files";
			sourceTree = "<group>";
		};
/* End PBXGroup section */

/* Begin PBXNativeTarget section */
		7138C5CD1AA91078003AEEA7 /* UiStatusBarStyles */ = {
			isa = PBXNativeTarget;
			buildConfigurationList = 7138C5ED1AA91079003AEEA7 /* Build configuration list for PBXNativeTarget "UiStatusBarStyles" */;
			buildPhases = (
				7138C5CA1AA91078003AEEA7 /* Sources */,
				7138C5CB1AA91078003AEEA7 /* Frameworks */,
				7138C5CC1AA91078003AEEA7 /* Resources */,
			);
			buildRules = (
			);
			dependencies = (
			);
			name = UiStatusBarStyles;
			productName = UiStatusBarStyles;
			productReference = 7138C5CE1AA91078003AEEA7 /* UiStatusBarStyles.app */;
			productType = "com.apple.product-type.application";
		};
		7138C5E21AA91079003AEEA7 /* UiStatusBarStylesTests */ = {
			isa = PBXNativeTarget;
			buildConfigurationList = 7138C5F01AA91079003AEEA7 /* Build configuration list for PBXNativeTarget "UiStatusBarStylesTests" */;
			buildPhases = (
				7138C5DF1AA91079003AEEA7 /* Sources */,
				7138C5E01AA91079003AEEA7 /* Frameworks */,
				7138C5E11AA91079003AEEA7 /* Resources */,
			);
			buildRules = (
			);
			dependencies = (
				7138C5E51AA91079003AEEA7 /* PBXTargetDependency */,
			);
			name = UiStatusBarStylesTests;
			productName = UiStatusBarStylesTests;
			productReference = 7138C5E31AA91079003AEEA7 /* UiStatusBarStylesTests.xctest */;
			productType = "com.apple.product-type.bundle.unit-test";
		};
/* End PBXNativeTarget section */

/* Begin PBXProject section */
		7138C5C61AA91078003AEEA7 /* Project object */ = {
			isa = PBXProject;
			attributes = {
				LastUpgradeCheck = 0610;
				ORGANIZATIONNAME = "Lucian Cancescu";
				TargetAttributes = {
					7138C5CD1AA91078003AEEA7 = {
						CreatedOnToolsVersion = 6.1.1;
					};
					7138C5E21AA91079003AEEA7 = {
						CreatedOnToolsVersion = 6.1.1;
						TestTargetID = 7138C5CD1AA91078003AEEA7;
					};
				};
			};
			buildConfigurationList = 7138C5C91AA91078003AEEA7 /* Build configuration list for PBXProject "UiStatusBarStyles" */;
			compatibilityVersion = "Xcode 3.2";
			developmentRegion = English;
			hasScannedForEncodings = 0;
			knownRegions = (
				en,
				Base,
			);
			mainGroup = 7138C5C51AA91078003AEEA7;
			productRefGroup = 7138C5CF1AA91078003AEEA7 /* Products */;
			projectDirPath = "";
			projectRoot = "";
			targets = (
				7138C5CD1AA91078003AEEA7 /* UiStatusBarStyles */,
				7138C5E21AA91079003AEEA7 /* UiStatusBarStylesTests */,
			);
		};
/* End PBXProject section */

/* Begin PBXResourcesBuildPhase section */
		7138C5CC1AA91078003AEEA7 /* Resources */ = {
			isa = PBXResourcesBuildPhase;
			buildActionMask = 2147483647;
			files = (
				7138C5D91AA91079003AEEA7 /* Main.storyboard in Resources */,
				7138C5DE1AA91079003AEEA7 /* LaunchScreen.xib in Resources */,
				7138C5DB1AA91079003AEEA7 /* Images.xcassets in Resources */,
			);
			runOnlyForDeploymentPostprocessing = 0;
		};
		7138C5E11AA91079003AEEA7 /* Resources */ = {
			isa = PBXResourcesBuildPhase;
			buildActionMask = 2147483647;
			files = (
			);
			runOnlyForDeploymentPostprocessing = 0;
		};
/* End PBXResourcesBuildPhase section */

/* Begin PBXSourcesBuildPhase section */
		7138C5CA1AA91078003AEEA7 /* Sources */ = {
			isa = PBXSourcesBuildPhase;
			buildActionMask = 2147483647;
			files = (
				7138C5D61AA91078003AEEA7 /* ViewController.swift in Sources */,
				7138C5D41AA91078003AEEA7 /* AppDelegate.swift in Sources */,
			);
			runOnlyForDeploymentPostprocessing = 0;
		};
		7138C5DF1AA91079003AEEA7 /* Sources */ = {
			isa = PBXSourcesBuildPhase;
			buildActionMask = 2147483647;
			files = (
				7138C5EA1AA91079003AEEA7 /* UiStatusBarStylesTests.swift in Sources */,
			);
			runOnlyForDeploymentPostprocessing = 0;
		};
/* End PBXSourcesBuildPhase section */

/* Begin PBXTargetDependency section */
		7138C5E51AA91079003AEEA7 /* PBXTargetDependency */ = {
			isa = PBXTargetDependency;
			target = 7138C5CD1AA91078003AEEA7 /* UiStatusBarStyles */;
			targetProxy = 7138C5E41AA91079003AEEA7 /* PBXContainerItemProxy */;
		};
/* End PBXTargetDependency section */

/* Begin PBXVariantGroup section */
		7138C5D71AA91078003AEEA7 /* Main.storyboard */ = {
			isa = PBXVariantGroup;
			children = (
				7138C5D81AA91078003AEEA7 /* Base */,
			);
			name = Main.storyboard;
			sourceTree = "<group>";
		};
		7138C5DC1AA91079003AEEA7 /* LaunchScreen.xib */ = {
			isa = PBXVariantGroup;
			children = (
				7138C5DD1AA91079003AEEA7 /* Base */,
			);
			name = LaunchScreen.xib;
			sourceTree = "<group>";
		};
/* End PBXVariantGroup section */

/* Begin XCBuildConfiguration section */
		7138C5EB1AA91079003AEEA7 /* Debug */ = {
			isa = XCBuildConfiguration;
			buildSettings = {
				ALWAYS_SEARCH_USER_PATHS = NO;
				CLANG_CXX_LANGUAGE_STANDARD = "gnu++0x";
				CLANG_CXX_LIBRARY = "libc++";
				CLANG_ENABLE_MODULES = YES;
				CLANG_ENABLE_OBJC_ARC = YES;
				CLANG_WARN_BOOL_CONVERSION = YES;
				CLANG_WARN_CONSTANT_CONVERSION = YES;
				CLANG_WARN_DIRECT_OBJC_ISA_USAGE = YES_ERROR;
				CLANG_WARN_EMPTY_BODY = YES;
				CLANG_WARN_ENUM_CONVERSION = YES;
				CLANG_WARN_INT_CONVERSION = YES;
				CLANG_WARN_OBJC_ROOT_CLASS = YES_ERROR;
				CLANG_WARN_UNREACHABLE_CODE = YES;
				CLANG_WARN__DUPLICATE_METHOD_MATCH = YES;
				"CODE_SIGN_IDENTITY[sdk=iphoneos*]" = "iPhone Developer";
				COPY_PHASE_STRIP = NO;
				ENABLE_STRICT_OBJC_MSGSEND = YES;
				GCC_C_LANGUAGE_STANDARD = gnu99;
				GCC_DYNAMIC_NO_PIC = NO;
				GCC_OPTIMIZATION_LEVEL = 0;
				GCC_PREPROCESSOR_DEFINITIONS = (
					"DEBUG=1",
					"$(inherited)",
				);
				GCC_SYMBOLS_PRIVATE_EXTERN = NO;
				GCC_WARN_64_TO_32_BIT_CONVERSION = YES;
				GCC_WARN_ABOUT_RETURN_TYPE = YES_ERROR;
				GCC_WARN_UNDECLARED_SELECTOR = YES;
				GCC_WARN_UNINITIALIZED_AUTOS = YES_AGGRESSIVE;
				GCC_WARN_UNUSED_FUNCTION = YES;
				GCC_WARN_UNUSED_VARIABLE = YES;
				IPHONEOS_DEPLOYMENT_TARGET = 8.1;
				MTL_ENABLE_DEBUG_INFO = YES;
				ONLY_ACTIVE_ARCH = YES;
				SDKROOT = iphoneos;
				SWIFT_OPTIMIZATION_LEVEL = "-Onone";
				TARGETED_DEVICE_FAMILY = "1,2";
			};
			name = Debug;
		};
		7138C5EC1AA91079003AEEA7 /* Release */ = {
			isa = XCBuildConfiguration;
			buildSettings = {
				ALWAYS_SEARCH_USER_PATHS = NO;
				CLANG_CXX_LANGUAGE_STANDARD = "gnu++0x";
				CLANG_CXX_LIBRARY = "libc++";
				CLANG_ENABLE_MODULES = YES;
				CLANG_ENABLE_OBJC_ARC = YES;
				CLANG_WARN_BOOL_CONVERSION = YES;
				CLANG_WARN_CONSTANT_CONVERSION = YES;
				CLANG_WARN_DIRECT_OBJC_ISA_USAGE = YES_ERROR;
				CLANG_WARN_EMPTY_BODY = YES;
				CLANG_WARN_ENUM_CONVERSION = YES;
				CLANG_WARN_INT_CONVERSION = YES;
				CLANG_WARN_OBJC_ROOT_CLASS = YES_ERROR;
				CLANG_WARN_UNREACHABLE_CODE = YES;
				CLANG_WARN__DUPLICATE_METHOD_MATCH = YES;
				"CODE_SIGN_IDENTITY[sdk=iphoneos*]" = "iPhone Developer";
				COPY_PHASE_STRIP = YES;
				ENABLE_NS_ASSERTIONS = NO;
				ENABLE_STRICT_OBJC_MSGSEND = YES;
				GCC_C_LANGUAGE_STANDARD = gnu99;
				GCC_WARN_64_TO_32_BIT_CONVERSION = YES;
				GCC_WARN_ABOUT_RETURN_TYPE = YES_ERROR;
				GCC_WARN_UNDECLARED_SELECTOR = YES;
				GCC_WARN_UNINITIALIZED_AUTOS = YES_AGGRESSIVE;
				GCC_WARN_UNUSED_FUNCTION = YES;
				GCC_WARN_UNUSED_VARIABLE = YES;
				IPHONEOS_DEPLOYMENT_TARGET = 8.1;
				MTL_ENABLE_DEBUG_INFO = NO;
				SDKROOT = iphoneos;
				TARGETED_DEVICE_FAMILY = "1,2";
				VALIDATE_PRODUCT = YES;
			};
			name = Release;
		};
		7138C5EE1AA91079003AEEA7 /* Debug */ = {
			isa = XCBuildConfiguration;
			buildSettings = {
				ASSETCATALOG_COMPILER_APPICON_NAME = AppIcon;
				INFOPLIST_FILE = UiStatusBarStyles/Info.plist;
				LD_RUNPATH_SEARCH_PATHS = "$(inherited) @executable_path/Frameworks";
				PRODUCT_NAME = "$(TARGET_NAME)";
			};
			name = Debug;
		};
		7138C5EF1AA91079003AEEA7 /* Release */ = {
			isa = XCBuildConfiguration;
			buildSettings = {
				ASSETCATALOG_COMPILER_APPICON_NAME = AppIcon;
				INFOPLIST_FILE = UiStatusBarStyles/Info.plist;
				LD_RUNPATH_SEARCH_PATHS = "$(inherited) @executable_path/Frameworks";
				PRODUCT_NAME = "$(TARGET_NAME)";
			};
			name = Release;
		};
		7138C5F11AA91079003AEEA7 /* Debug */ = {
			isa = XCBuildConfiguration;
			buildSettings = {
				BUNDLE_LOADER = "$(TEST_HOST)";
				FRAMEWORK_SEARCH_PATHS = (
					"$(SDKROOT)/Developer/Library/Frameworks",
					"$(inherited)",
				);
				GCC_PREPROCESSOR_DEFINITIONS = (
					"DEBUG=1",
					"$(inherited)",
				);
				INFOPLIST_FILE = UiStatusBarStylesTests/Info.plist;
				LD_RUNPATH_SEARCH_PATHS = "$(inherited) @executable_path/Frameworks @loader_path/Frameworks";
				PRODUCT_NAME = "$(TARGET_NAME)";
				TEST_HOST = "$(BUILT_PRODUCTS_DIR)/UiStatusBarStyles.app/UiStatusBarStyles";
			};
			name = Debug;
		};
		7138C5F21AA91079003AEEA7 /* Release */ = {
			isa = XCBuildConfiguration;
			buildSettings = {
				BUNDLE_LOADER = "$(TEST_HOST)";
				FRAMEWORK_SEARCH_PATHS = (
					"$(SDKROOT)/Developer/Library/Frameworks",
					"$(inherited)",
				);
				INFOPLIST_FILE = UiStatusBarStylesTests/Info.plist;
				LD_RUNPATH_SEARCH_PATHS = "$(inherited) @executable_path/Frameworks @loader_path/Frameworks";
				PRODUCT_NAME = "$(TARGET_NAME)";
				TEST_HOST = "$(BUILT_PRODUCTS_DIR)/UiStatusBarStyles.app/UiStatusBarStyles";
			};
			name = Release;
		};
/* End XCBuildConfiguration section */

/* Begin XCConfigurationList section */
		7138C5C91AA91078003AEEA7 /* Build configuration list for PBXProject "UiStatusBarStyles" */ = {
			isa = XCConfigurationList;
			buildConfigurations = (
				7138C5EB1AA91079003AEEA7 /* Debug */,
				7138C5EC1AA91079003AEEA7 /* Release */,
			);
			defaultConfigurationIsVisible = 0;
			defaultConfigurationName = Release;
		};
		7138C5ED1AA91079003AEEA7 /* Build configuration list for PBXNativeTarget "UiStatusBarStyles" */ = {
			isa = XCConfigurationList;
			buildConfigurations = (
				7138C5EE1AA91079003AEEA7 /* Debug */,
				7138C5EF1AA91079003AEEA7 /* Release */,
			);
			defaultConfigurationIsVisible = 0;
		};
		7138C5F01AA91079003AEEA7 /* Build configuration list for PBXNativeTarget "UiStatusBarStylesTests" */ = {
			isa = XCConfigurationList;
			buildConfigurations = (
				7138C5F11AA91079003AEEA7 /* Debug */,
				7138C5F21AA91079003AEEA7 /* Release */,
			);
			defaultConfigurationIsVisible = 0;
		};
/* End XCConfigurationList section */
	};
	rootObject = 7138C5C61AA91078003AEEA7 /* Project object */;
}
